
Microsoft Visual Studio Solution File, Format Version 12.00
# Visual Studio Version 16
VisualStudioVersion = 16.0.29728.190
MinimumVisualStudioVersion = 10.0.40219.1
Project("{FAE04EC0-301F-11D3-BF4B-00C04F79EFBC}") = "CSharp基础练习题", "CSharp基础练习题.csproj", "{31B2542E-B3F0-46DB-9B66-665BDC29B1C5}"
EndProject
Project("{FAE04EC0-301F-11D3-BF4B-00C04F79EFBC}") = "CSharp基础练习题_01", "CSharp基础练习题_01\CSharp基础练习题_01.csproj", "{9273EBBA-31F1-43F7-A2C1-CE82769F36D6}"
EndProject
Project("{FAE04EC0-301F-11D3-BF4B-00C04F79EFBC}") = "CSharp基础练习题_02", "CSharp基础练习题_02\CSharp基础练习题_02.csproj", "{E1A45BBE-C0AF-4582-930B-D2288C78CDD6}"
EndProject
Project("{FAE04EC0-301F-11D3-BF4B-00C04F79EFBC}") = "CSharp基础练习题_03", "CSharp基础练习题_03\CSharp基础练习题_03.csproj", "{E9E2F08F-045C-4007-A5E6-F3063CC47772}"
EndProject
Project("{FAE04EC0-301F-11D3-BF4B-00C04F79EFBC}") = "CSharp基础练习题_04", "CSharp基础练习题_04\CSharp基础练习题_04.csproj", "{AD28FA02-03F9-4A61-9BEF-3FBBE18FEFF4}"
EndProject
Project("{FAE04EC0-301F-11D3-BF4B-00C04F79EFBC}") = "CSharp基础练习题_05", "CSharp基础练习题_05\CSharp基础练习题_05.csproj", "{103CBD3B-F57D-4580-A1E4-C1701206CB32}"
EndProject
Project("{FAE04EC0-301F-11D3-BF4B-00C04F79EFBC}") = "CSharp基础练习题_06", "CSharp基础练习题_06\CSharp基础练习题_06.csproj", "{0599DA15-27EB-4FE3-B370-6E6CE9FFFDFB}"
EndProject
Project("{FAE04EC0-301F-11D3-BF4B-00C04F79EFBC}") = "CSharp基础练习题_07", "CSharp基础练习题_07\CSharp基础练习题_07.csproj", "{79FAFA1B-448A-4DA7-B1CC-2136F8527211}"
EndProject
Project("{FAE04EC0-301F-11D3-BF4B-00C04F79EFBC}") = "CSharp基础练习题_08", "CSharp基础练习题_08\CSharp基础练习题_08.csproj", "{0FDA8FB6-3175-413B-B871-EBFA8C0305B9}"
EndProject
Project("{FAE04EC0-301F-11D3-BF4B-00C04F79EFBC}") = "CSharp基础练习题_09", "CSharp基础练习题_09\CSharp基础练习题_09.csproj", "{EA9EE45A-F91E-4BF7-BC7B-047ED34D7AB8}"
EndProject
Project("{FAE04EC0-301F-11D3-BF4B-00C04F79EFBC}") = "CSharp基础练习题_10", "CSharp基础练习题_10\CSharp基础练习题_10.csproj", "{2FABCB58-57D2-4B53-B97F-353A07AC81F5}"
EndProject
Project("{FAE04EC0-301F-11D3-BF4B-00C04F79EFBC}") = "CSharp基础练习题_11", "CSharp基础练习题_11\CSharp基础练习题_11.csproj", "{B3A73EF4-3B47-419B-BF17-978000D169AD}"
EndProject
Project("{FAE04EC0-301F-11D3-BF4B-00C04F79EFBC}") = "CSharp基础练习题_12", "CSharp基础练习题_12\CSharp基础练习题_12.csproj", "{EBE9A161-213A-4CEB-8A64-988883F62C16}"
EndProject
Project("{FAE04EC0-301F-11D3-BF4B-00C04F79EFBC}") = "CSharp基础练习题_13", "CSharp基础练习题_13\CSharp基础练习题_13.csproj", "{CF1B072E-31B9-4168-B06F-5F088B821C58}"
EndProject
Project("{FAE04EC0-301F-11D3-BF4B-00C04F79EFBC}") = "CSharp基础练习题_14", "CSharp基础练习题_14\CSharp基础练习题_14.csproj", "{144EFEC3-5CEB-4AE5-827E-37B5AE251BB6}"
EndProject
Project("{FAE04EC0-301F-11D3-BF4B-00C04F79EFBC}") = "CSharp基础练习题_15", "CSharp基础练习题_15\CSharp基础练习题_15.csproj", "{B3F65017-3EB2-4B06-B95C-24018E51347E}"
EndProject
Project("{FAE04EC0-301F-11D3-BF4B-00C04F79EFBC}") = "CSharp基础练习题_16", "CSharp基础练习题_16\CSharp基础练习题_16.csproj", "{A551F3B7-D617-43F5-90F4-20E3CF02562A}"
EndProject
Project("{FAE04EC0-301F-11D3-BF4B-00C04F79EFBC}") = "CSharp基础练习题_17", "CSharp基础练习题_17\CSharp基础练习题_17.csproj", "{3B646848-D8BD-4BC5-A8B2-16469BBDB16D}"
EndProject
Project("{FAE04EC0-301F-11D3-BF4B-00C04F79EFBC}") = "CSharp基础练习题_18", "CSharp基础练习题_18\CSharp基础练习题_18.csproj", "{24574C19-481C-4F31-ABE8-61415705A913}"
EndProject
Project("{FAE04EC0-301F-11D3-BF4B-00C04F79EFBC}") = "CSharp基础练习题_19", "CSharp基础练习题_19\CSharp基础练习题_19.csproj", "{EF572A05-B6CA-47EF-9510-AE96AC7829E8}"
EndProject
Project("{FAE04EC0-301F-11D3-BF4B-00C04F79EFBC}") = "CSharp基础练习题_20", "CSharp基础练习题_20\CSharp基础练习题_20.csproj", "{08DA2FEB-48C8-40BC-814B-F4AFF5629BEA}"
EndProject
Project("{FAE04EC0-301F-11D3-BF4B-00C04F79EFBC}") = "CSharp基础练习题_21", "CSharp基础练习题_21\CSharp基础练习题_21.csproj", "{4DF0EFA1-F844-4F75-8780-63387579A9A3}"
EndProject
Project("{FAE04EC0-301F-11D3-BF4B-00C04F79EFBC}") = "CSharp基础练习题_22", "CSharp基础练习题_22\CSharp基础练习题_22.csproj", "{0C0FB014-AA75-4C09-AE29-969000849161}"
EndProject
Project("{FAE04EC0-301F-11D3-BF4B-00C04F79EFBC}") = "CSharp基础练习题_23", "CSharp基础练习题_23\CSharp基础练习题_23.csproj", "{BA7DA78B-9823-4CD1-AB57-1FA784E0BDBC}"
EndProject
Project("{FAE04EC0-301F-11D3-BF4B-00C04F79EFBC}") = "CSharp基础练习题_24", "CSharp基础练习题_24\CSharp基础练习题_24.csproj", "{43108199-4EF7-40B7-B12C-888CE355D515}"
EndProject
Project("{FAE04EC0-301F-11D3-BF4B-00C04F79EFBC}") = "CSharp基础练习题_25", "CSharp基础练习题_25\CSharp基础练习题_25.csproj", "{4992B78E-E2CA-47AE-A425-543548E1E9E7}"
EndProject
Project("{FAE04EC0-301F-11D3-BF4B-00C04F79EFBC}") = "CSharp基础练习题_26", "CSharp基础练习题_26\CSharp基础练习题_26.csproj", "{A988C268-DADC-4318-AF80-A290D51F7141}"
EndProject
Project("{FAE04EC0-301F-11D3-BF4B-00C04F79EFBC}") = "CSharp基础练习题_27", "CSharp基础练习题_27\CSharp基础练习题_27.csproj", "{D70BBB70-768B-4B3C-9AAC-658B06DE1FB9}"
EndProject
Project("{FAE04EC0-301F-11D3-BF4B-00C04F79EFBC}") = "CSharp基础练习题_28", "CSharp基础练习题_28\CSharp基础练习题_28.csproj", "{D4C1B0D0-1C81-4C7B-B9B1-2FA54CC7ED6C}"
EndProject
Project("{FAE04EC0-301F-11D3-BF4B-00C04F79EFBC}") = "CSharp基础练习题_29", "CSharp基础练习题_29\CSharp基础练习题_29.csproj", "{EDF0066A-F7DB-439E-A970-FE6581E5FA21}"
EndProject
Project("{FAE04EC0-301F-11D3-BF4B-00C04F79EFBC}") = "CSharp基础练习题_30", "CSharp基础练习题_30\CSharp基础练习题_30.csproj", "{3E73C59C-E68D-401F-809D-9B298E8FEBC3}"
EndProject
Project("{FAE04EC0-301F-11D3-BF4B-00C04F79EFBC}") = "CSharp基础练习题_31", "CSharp基础练习题_31\CSharp基础练习题_31.csproj", "{025CC70C-9379-4A55-B9F9-F4CE42F040CA}"
EndProject
Project("{FAE04EC0-301F-11D3-BF4B-00C04F79EFBC}") = "CSharp基础练习题_32", "CSharp基础练习题_32\CSharp基础练习题_32.csproj", "{1CFA48DD-D6EF-4BA6-AA7B-E0F45FCEBC52}"
EndProject
Project("{FAE04EC0-301F-11D3-BF4B-00C04F79EFBC}") = "CSharp基础练习题_33", "CSharp基础练习题_33\CSharp基础练习题_33.csproj", "{FE5F6577-7C95-4C15-8C99-AD9EB476BAA2}"
EndProject
Project("{FAE04EC0-301F-11D3-BF4B-00C04F79EFBC}") = "CSharp基础练习题_34", "CSharp基础练习题_34\CSharp基础练习题_34.csproj", "{73928893-718A-46A0-9402-2EC2BC5078CC}"
EndProject
Project("{FAE04EC0-301F-11D3-BF4B-00C04F79EFBC}") = "CSharp基础练习题_35", "CSharp基础练习题_35\CSharp基础练习题_35.csproj", "{EF84BCC1-D667-4A05-B9AB-B3ED25593104}"
EndProject
Project("{FAE04EC0-301F-11D3-BF4B-00C04F79EFBC}") = "CSharp基础练习题_36", "CSharp基础练习题_36\CSharp基础练习题_36.csproj", "{B0D6EFA0-F8E5-4B16-931B-580B647B90F8}"
EndProject
Project("{FAE04EC0-301F-11D3-BF4B-00C04F79EFBC}") = "CSharp基础练习题_37", "CSharp基础练习题_37\CSharp基础练习题_37.csproj", "{4ACC391E-7942-4721-BB1D-73664B815867}"
EndProject
Project("{FAE04EC0-301F-11D3-BF4B-00C04F79EFBC}") = "CSharp基础练习题_38", "CSharp基础练习题_38\CSharp基础练习题_38.csproj", "{EF7396A9-DFC5-4A64-9D69-689E895D8E2E}"
EndProject
Project("{FAE04EC0-301F-11D3-BF4B-00C04F79EFBC}") = "CSharp基础练习题_39", "CSharp基础练习题_39\CSharp基础练习题_39.csproj", "{A2D8D556-C10D-47DC-9EF8-12E21CD9972B}"
EndProject
Project("{FAE04EC0-301F-11D3-BF4B-00C04F79EFBC}") = "CSharp基础练习题_40", "CSharp基础练习题_40\CSharp基础练习题_40.csproj", "{21D26EBB-7149-4A7D-B951-EEC5DDB9B067}"
EndProject
Project("{FAE04EC0-301F-11D3-BF4B-00C04F79EFBC}") = "CSharp基础练习题_41", "CSharp基础练习题_41\CSharp基础练习题_41.csproj", "{39EE1282-0774-44DB-91CA-46314E4E3C98}"
EndProject
Project("{FAE04EC0-301F-11D3-BF4B-00C04F79EFBC}") = "CSharp基础练习题_42", "CSharp基础练习题_42\CSharp基础练习题_42.csproj", "{4BCF99E8-62D7-4997-9EA0-A9538D2A7069}"
EndProject
Project("{FAE04EC0-301F-11D3-BF4B-00C04F79EFBC}") = "CSharp基础练习题_43", "CSharp基础练习题_43\CSharp基础练习题_43.csproj", "{384297CE-AACD-4B87-9661-03CB15B6D222}"
EndProject
Project("{FAE04EC0-301F-11D3-BF4B-00C04F79EFBC}") = "CSharp基础练习题_44", "CSharp基础练习题_44\CSharp基础练习题_44.csproj", "{4293257F-CBE6-4CAE-BB48-D0E659E5A635}"
EndProject
Project("{FAE04EC0-301F-11D3-BF4B-00C04F79EFBC}") = "CSharp基础练习题_45", "CSharp基础练习题_45\CSharp基础练习题_45.csproj", "{B07209C8-5094-4B1F-8E0E-78B4A121C2E3}"
EndProject
Project("{FAE04EC0-301F-11D3-BF4B-00C04F79EFBC}") = "CSharp基础练习题_46", "CSharp基础练习题_46\CSharp基础练习题_46.csproj", "{40BDED99-031B-4286-B07A-AD13BAED5533}"
EndProject
Project("{FAE04EC0-301F-11D3-BF4B-00C04F79EFBC}") = "CSharp基础练习题_47", "CSharp基础练习题_47\CSharp基础练习题_47.csproj", "{86D65F83-B108-48DF-AFD9-5C8048D5C75D}"
EndProject
Project("{FAE04EC0-301F-11D3-BF4B-00C04F79EFBC}") = "CSharp基础练习题_48", "CSharp基础练习题_48\CSharp基础练习题_48.csproj", "{FE1DACEC-F6CB-4E0E-8EE4-D571E139008D}"
EndProject
Project("{FAE04EC0-301F-11D3-BF4B-00C04F79EFBC}") = "CSharp基础练习题_49", "CSharp基础练习题_49\CSharp基础练习题_49.csproj", "{E621D7B7-9D74-40AF-AD81-296DDEF829F7}"
EndProject
Project("{FAE04EC0-301F-11D3-BF4B-00C04F79EFBC}") = "CSharp基础练习题_50", "CSharp基础练习题_50\CSharp基础练习题_50.csproj", "{A2D83DD5-BD0F-4F04-B21F-59A0E01ECEB0}"
EndProject
Project("{FAE04EC0-301F-11D3-BF4B-00C04F79EFBC}") = "CSharp基础练习题_51", "CSharp基础练习题_51\CSharp基础练习题_51.csproj", "{06754CA0-46DA-4A02-B91D-B191103D743C}"
EndProject
Project("{FAE04EC0-301F-11D3-BF4B-00C04F79EFBC}") = "CSharp基础练习题_52", "CSharp基础练习题_52\CSharp基础练习题_52.csproj", "{B0151479-CAB0-4386-9C5C-1EEC6A5408F3}"
EndProject
Project("{FAE04EC0-301F-11D3-BF4B-00C04F79EFBC}") = "CSharp基础练习题_53", "CSharp基础练习题_53\CSharp基础练习题_53.csproj", "{78EC04B2-1298-489E-AE85-183A07DE3139}"
EndProject
Project("{FAE04EC0-301F-11D3-BF4B-00C04F79EFBC}") = "CSharp基础练习题_54", "CSharp基础练习题_54\CSharp基础练习题_54.csproj", "{B15AB875-62A8-446B-95F5-7A4F745473E1}"
EndProject
Project("{FAE04EC0-301F-11D3-BF4B-00C04F79EFBC}") = "CSharp基础练习题_55", "CSharp基础练习题_55\CSharp基础练习题_55.csproj", "{A1676C08-BD48-4CF6-901D-ACA5A9CBC1CB}"
EndProject
Project("{FAE04EC0-301F-11D3-BF4B-00C04F79EFBC}") = "CSharp基础练习题_56", "CSharp基础练习题_56\CSharp基础练习题_56.csproj", "{EE2217FD-F5E5-4DAE-B53A-1F8B6D61FAED}"
EndProject
Project("{FAE04EC0-301F-11D3-BF4B-00C04F79EFBC}") = "CSharp基础练习题_57", "CSharp基础练习题_57\CSharp基础练习题_57.csproj", "{C9E98C4E-CE5F-44FB-AA86-15D876D7D6C5}"
EndProject
Project("{FAE04EC0-301F-11D3-BF4B-00C04F79EFBC}") = "CSharp基础练习题_58", "CSharp基础练习题_58\CSharp基础练习题_58.csproj", "{F99D94E0-0D22-4DB0-8DE3-1796BA4BBBAC}"
EndProject
Project("{FAE04EC0-301F-11D3-BF4B-00C04F79EFBC}") = "CSharp基础练习题_59", "CSharp基础练习题_59\CSharp基础练习题_59.csproj", "{9DA3D5FD-F01F-43ED-B64B-F6E79DC5310A}"
EndProject
Project("{FAE04EC0-301F-11D3-BF4B-00C04F79EFBC}") = "CSharp基础练习题_60", "CSharp基础练习题_60\CSharp基础练习题_60.csproj", "{E00DBC57-24B0-4B98-9F7F-2837B27C568A}"
EndProject
Project("{FAE04EC0-301F-11D3-BF4B-00C04F79EFBC}") = "CSharp基础练习题_61", "CSharp基础练习题_61\CSharp基础练习题_61.csproj", "{76AAB37D-2186-475D-894B-78349D072B0F}"
EndProject
Project("{FAE04EC0-301F-11D3-BF4B-00C04F79EFBC}") = "CSharp基础练习题_62", "CSharp基础练习题_62\CSharp基础练习题_62.csproj", "{80EB404A-5733-4AAF-8740-3B6D6A45D521}"
EndProject
Project("{FAE04EC0-301F-11D3-BF4B-00C04F79EFBC}") = "CSharp基础练习题_63", "CSharp基础练习题_63\CSharp基础练习题_63.csproj", "{4A0B3ABC-AB1A-4408-A3DF-D10E6576896E}"
EndProject
Project("{FAE04EC0-301F-11D3-BF4B-00C04F79EFBC}") = "CSharp基础练习题_64", "CSharp基础练习题_64\CSharp基础练习题_64.csproj", "{2F04333E-E033-402D-AD8A-F41581B13458}"
EndProject
Project("{FAE04EC0-301F-11D3-BF4B-00C04F79EFBC}") = "CSharp基础练习题_65", "CSharp基础练习题_65\CSharp基础练习题_65.csproj", "{C978E1E4-FA57-46E2-92EF-D0E89CAC6AB5}"
EndProject
Project("{FAE04EC0-301F-11D3-BF4B-00C04F79EFBC}") = "CSharp基础练习题_66", "CSharp基础练习题_66\CSharp基础练习题_66.csproj", "{B50D9195-B36E-4116-A2FB-5E00F7B0CB74}"
EndProject
Project("{FAE04EC0-301F-11D3-BF4B-00C04F79EFBC}") = "CSharp基础练习题_67", "CSharp基础练习题_67\CSharp基础练习题_67.csproj", "{2D9A65C8-661E-4720-96F2-A9EAF8ACB542}"
EndProject
Project("{FAE04EC0-301F-11D3-BF4B-00C04F79EFBC}") = "CSharp基础练习题_68", "CSharp基础练习题_68\CSharp基础练习题_68.csproj", "{745F587D-605A-4B91-80B7-D7A6662D4838}"
EndProject
Project("{FAE04EC0-301F-11D3-BF4B-00C04F79EFBC}") = "CSharp基础练习题_69", "CSharp基础练习题_69\CSharp基础练习题_69.csproj", "{94669BA0-FD47-44F9-9DB5-8A9F1A9195DE}"
EndProject
Project("{FAE04EC0-301F-11D3-BF4B-00C04F79EFBC}") = "CSharp基础练习题_70", "CSharp基础练习题_70\CSharp基础练习题_70.csproj", "{FF77D6F7-4CC3-4244-A52D-7BDB423D659B}"
EndProject
Project("{FAE04EC0-301F-11D3-BF4B-00C04F79EFBC}") = "CSharp基础练习题_71", "CSharp基础练习题_71\CSharp基础练习题_71.csproj", "{6658CE98-DC4D-4606-9C44-0919DFB8257A}"
EndProject
Project("{FAE04EC0-301F-11D3-BF4B-00C04F79EFBC}") = "CSharp基础练习题_73", "CSharp基础练习题_73\CSharp基础练习题_73.csproj", "{9C5727A7-A43C-496B-8C81-1A15DEAD47C4}"
EndProject
Project("{FAE04EC0-301F-11D3-BF4B-00C04F79EFBC}") = "CSharp基础练习题_72", "CSharp基础练习题_72\CSharp基础练习题_72.csproj", "{D532CA81-97A9-47E3-91B6-460F67D1E910}"
EndProject
Project("{FAE04EC0-301F-11D3-BF4B-00C04F79EFBC}") = "CSharp基础练习题_74", "CSharp基础练习题_74\CSharp基础练习题_74.csproj", "{A7EAE366-FDC4-4F86-8E84-12AFCD6880ED}"
EndProject
Project("{FAE04EC0-301F-11D3-BF4B-00C04F79EFBC}") = "CSharp基础练习题_76", "CSharp基础练习题_76\CSharp基础练习题_76.csproj", "{962DC21E-7AB8-4A67-8E0E-C79C6C270D6C}"
EndProject
Project("{FAE04EC0-301F-11D3-BF4B-00C04F79EFBC}") = "CSharp基础练习题_77", "CSharp基础练习题_77\CSharp基础练习题_77.csproj", "{F88FBFA0-7C02-4612-837A-5CA099AE5493}"
EndProject
Project("{FAE04EC0-301F-11D3-BF4B-00C04F79EFBC}") = "CSharp基础练习题_78", "CSharp基础练习题_78\CSharp基础练习题_78.csproj", "{2879C3AE-11D6-4CC3-A9B7-CC9C4A52066C}"
EndProject
Project("{FAE04EC0-301F-11D3-BF4B-00C04F79EFBC}") = "CSharp基础练习题_79", "CSharp基础练习题_79\CSharp基础练习题_79.csproj", "{923719F2-F7DF-4722-BD77-B609E7F76388}"
EndProject
Project("{FAE04EC0-301F-11D3-BF4B-00C04F79EFBC}") = "CSharp基础练习题_80", "CSharp基础练习题_80\CSharp基础练习题_80.csproj", "{DFC1CD76-9CAE-40F4-A899-2CF1D608D80C}"
EndProject
Project("{FAE04EC0-301F-11D3-BF4B-00C04F79EFBC}") = "CSharp基础练习题_81", "CSharp基础练习题_81\CSharp基础练习题_81.csproj", "{241E6491-19F2-4058-895A-56D0475C0599}"
EndProject
Project("{FAE04EC0-301F-11D3-BF4B-00C04F79EFBC}") = "CSharp基础练习题_75", "CSharp基础练习题_75\CSharp基础练习题_75.csproj", "{53B99B64-1FDB-4C2C-B4DF-5AD42FEDE7B3}"
EndProject
Project("{FAE04EC0-301F-11D3-BF4B-00C04F79EFBC}") = "CSharp基础练习题_82", "CSharp基础练习题_82\CSharp基础练习题_82.csproj", "{F0BAD1BC-C3E4-418A-8595-8A04897D9BBE}"
EndProject
Project("{FAE04EC0-301F-11D3-BF4B-00C04F79EFBC}") = "CSharp基础练习题_83", "CSharp基础练习题_83\CSharp基础练习题_83.csproj", "{D8EEC492-C9C0-442C-BE8D-101F02C68D55}"
EndProject
Project("{FAE04EC0-301F-11D3-BF4B-00C04F79EFBC}") = "CSharp基础练习题_84", "CSharp基础练习题_84\CSharp基础练习题_84.csproj", "{8CD77F4F-8E59-490D-98BC-F153616139ED}"
EndProject
Project("{FAE04EC0-301F-11D3-BF4B-00C04F79EFBC}") = "CSharp基础练习题_85", "CSharp基础练习题_85\CSharp基础练习题_85.csproj", "{4A5CF748-1DFB-4AC8-AFC4-9A4C6DD214DF}"
EndProject
Project("{FAE04EC0-301F-11D3-BF4B-00C04F79EFBC}") = "CSharp基础练习题_86", "CSharp基础练习题_86\CSharp基础练习题_86.csproj", "{3C6ED7E8-8CB7-42BD-B974-A7DA115EEAFA}"
EndProject
Global
	GlobalSection(SolutionConfigurationPlatforms) = preSolution
		Debug|Any CPU = Debug|Any CPU
		Release|Any CPU = Release|Any CPU
	EndGlobalSection
	GlobalSection(ProjectConfigurationPlatforms) = postSolution
		{31B2542E-B3F0-46DB-9B66-665BDC29B1C5}.Debug|Any CPU.ActiveCfg = Debug|Any CPU
		{31B2542E-B3F0-46DB-9B66-665BDC29B1C5}.Debug|Any CPU.Build.0 = Debug|Any CPU
		{31B2542E-B3F0-46DB-9B66-665BDC29B1C5}.Release|Any CPU.ActiveCfg = Release|Any CPU
		{31B2542E-B3F0-46DB-9B66-665BDC29B1C5}.Release|Any CPU.Build.0 = Release|Any CPU
		{9273EBBA-31F1-43F7-A2C1-CE82769F36D6}.Debug|Any CPU.ActiveCfg = Debug|Any CPU
		{9273EBBA-31F1-43F7-A2C1-CE82769F36D6}.Debug|Any CPU.Build.0 = Debug|Any CPU
		{9273EBBA-31F1-43F7-A2C1-CE82769F36D6}.Release|Any CPU.ActiveCfg = Release|Any CPU
		{9273EBBA-31F1-43F7-A2C1-CE82769F36D6}.Release|Any CPU.Build.0 = Release|Any CPU
		{E1A45BBE-C0AF-4582-930B-D2288C78CDD6}.Debug|Any CPU.ActiveCfg = Debug|Any CPU
		{E1A45BBE-C0AF-4582-930B-D2288C78CDD6}.Debug|Any CPU.Build.0 = Debug|Any CPU
		{E1A45BBE-C0AF-4582-930B-D2288C78CDD6}.Release|Any CPU.ActiveCfg = Release|Any CPU
		{E1A45BBE-C0AF-4582-930B-D2288C78CDD6}.Release|Any CPU.Build.0 = Release|Any CPU
		{E9E2F08F-045C-4007-A5E6-F3063CC47772}.Debug|Any CPU.ActiveCfg = Debug|Any CPU
		{E9E2F08F-045C-4007-A5E6-F3063CC47772}.Debug|Any CPU.Build.0 = Debug|Any CPU
		{E9E2F08F-045C-4007-A5E6-F3063CC47772}.Release|Any CPU.ActiveCfg = Release|Any CPU
		{E9E2F08F-045C-4007-A5E6-F3063CC47772}.Release|Any CPU.Build.0 = Release|Any CPU
		{AD28FA02-03F9-4A61-9BEF-3FBBE18FEFF4}.Debug|Any CPU.ActiveCfg = Debug|Any CPU
		{AD28FA02-03F9-4A61-9BEF-3FBBE18FEFF4}.Debug|Any CPU.Build.0 = Debug|Any CPU
		{AD28FA02-03F9-4A61-9BEF-3FBBE18FEFF4}.Release|Any CPU.ActiveCfg = Release|Any CPU
		{AD28FA02-03F9-4A61-9BEF-3FBBE18FEFF4}.Release|Any CPU.Build.0 = Release|Any CPU
		{103CBD3B-F57D-4580-A1E4-C1701206CB32}.Debug|Any CPU.ActiveCfg = Debug|Any CPU
		{103CBD3B-F57D-4580-A1E4-C1701206CB32}.Debug|Any CPU.Build.0 = Debug|Any CPU
		{103CBD3B-F57D-4580-A1E4-C1701206CB32}.Release|Any CPU.ActiveCfg = Release|Any CPU
		{103CBD3B-F57D-4580-A1E4-C1701206CB32}.Release|Any CPU.Build.0 = Release|Any CPU
		{0599DA15-27EB-4FE3-B370-6E6CE9FFFDFB}.Debug|Any CPU.ActiveCfg = Debug|Any CPU
		{0599DA15-27EB-4FE3-B370-6E6CE9FFFDFB}.Debug|Any CPU.Build.0 = Debug|Any CPU
		{0599DA15-27EB-4FE3-B370-6E6CE9FFFDFB}.Release|Any CPU.ActiveCfg = Release|Any CPU
		{0599DA15-27EB-4FE3-B370-6E6CE9FFFDFB}.Release|Any CPU.Build.0 = Release|Any CPU
		{79FAFA1B-448A-4DA7-B1CC-2136F8527211}.Debug|Any CPU.ActiveCfg = Debug|Any CPU
		{79FAFA1B-448A-4DA7-B1CC-2136F8527211}.Debug|Any CPU.Build.0 = Debug|Any CPU
		{79FAFA1B-448A-4DA7-B1CC-2136F8527211}.Release|Any CPU.ActiveCfg = Release|Any CPU
		{79FAFA1B-448A-4DA7-B1CC-2136F8527211}.Release|Any CPU.Build.0 = Release|Any CPU
		{0FDA8FB6-3175-413B-B871-EBFA8C0305B9}.Debug|Any CPU.ActiveCfg = Debug|Any CPU
		{0FDA8FB6-3175-413B-B871-EBFA8C0305B9}.Debug|Any CPU.Build.0 = Debug|Any CPU
		{0FDA8FB6-3175-413B-B871-EBFA8C0305B9}.Release|Any CPU.ActiveCfg = Release|Any CPU
		{0FDA8FB6-3175-413B-B871-EBFA8C0305B9}.Release|Any CPU.Build.0 = Release|Any CPU
		{EA9EE45A-F91E-4BF7-BC7B-047ED34D7AB8}.Debug|Any CPU.ActiveCfg = Debug|Any CPU
		{EA9EE45A-F91E-4BF7-BC7B-047ED34D7AB8}.Debug|Any CPU.Build.0 = Debug|Any CPU
		{EA9EE45A-F91E-4BF7-BC7B-047ED34D7AB8}.Release|Any CPU.ActiveCfg = Release|Any CPU
		{EA9EE45A-F91E-4BF7-BC7B-047ED34D7AB8}.Release|Any CPU.Build.0 = Release|Any CPU
		{2FABCB58-57D2-4B53-B97F-353A07AC81F5}.Debug|Any CPU.ActiveCfg = Debug|Any CPU
		{2FABCB58-57D2-4B53-B97F-353A07AC81F5}.Debug|Any CPU.Build.0 = Debug|Any CPU
		{2FABCB58-57D2-4B53-B97F-353A07AC81F5}.Release|Any CPU.ActiveCfg = Release|Any CPU
		{2FABCB58-57D2-4B53-B97F-353A07AC81F5}.Release|Any CPU.Build.0 = Release|Any CPU
		{B3A73EF4-3B47-419B-BF17-978000D169AD}.Debug|Any CPU.ActiveCfg = Debug|Any CPU
		{B3A73EF4-3B47-419B-BF17-978000D169AD}.Debug|Any CPU.Build.0 = Debug|Any CPU
		{B3A73EF4-3B47-419B-BF17-978000D169AD}.Release|Any CPU.ActiveCfg = Release|Any CPU
		{B3A73EF4-3B47-419B-BF17-978000D169AD}.Release|Any CPU.Build.0 = Release|Any CPU
		{EBE9A161-213A-4CEB-8A64-988883F62C16}.Debug|Any CPU.ActiveCfg = Debug|Any CPU
		{EBE9A161-213A-4CEB-8A64-988883F62C16}.Debug|Any CPU.Build.0 = Debug|Any CPU
		{EBE9A161-213A-4CEB-8A64-988883F62C16}.Release|Any CPU.ActiveCfg = Release|Any CPU
		{EBE9A161-213A-4CEB-8A64-988883F62C16}.Release|Any CPU.Build.0 = Release|Any CPU
		{CF1B072E-31B9-4168-B06F-5F088B821C58}.Debug|Any CPU.ActiveCfg = Debug|Any CPU
		{CF1B072E-31B9-4168-B06F-5F088B821C58}.Debug|Any CPU.Build.0 = Debug|Any CPU
		{CF1B072E-31B9-4168-B06F-5F088B821C58}.Release|Any CPU.ActiveCfg = Release|Any CPU
		{CF1B072E-31B9-4168-B06F-5F088B821C58}.Release|Any CPU.Build.0 = Release|Any CPU
		{144EFEC3-5CEB-4AE5-827E-37B5AE251BB6}.Debug|Any CPU.ActiveCfg = Debug|Any CPU
		{144EFEC3-5CEB-4AE5-827E-37B5AE251BB6}.Debug|Any CPU.Build.0 = Debug|Any CPU
		{144EFEC3-5CEB-4AE5-827E-37B5AE251BB6}.Release|Any CPU.ActiveCfg = Release|Any CPU
		{144EFEC3-5CEB-4AE5-827E-37B5AE251BB6}.Release|Any CPU.Build.0 = Release|Any CPU
		{B3F65017-3EB2-4B06-B95C-24018E51347E}.Debug|Any CPU.ActiveCfg = Debug|Any CPU
		{B3F65017-3EB2-4B06-B95C-24018E51347E}.Debug|Any CPU.Build.0 = Debug|Any CPU
		{B3F65017-3EB2-4B06-B95C-24018E51347E}.Release|Any CPU.ActiveCfg = Release|Any CPU
		{B3F65017-3EB2-4B06-B95C-24018E51347E}.Release|Any CPU.Build.0 = Release|Any CPU
		{A551F3B7-D617-43F5-90F4-20E3CF02562A}.Debug|Any CPU.ActiveCfg = Debug|Any CPU
		{A551F3B7-D617-43F5-90F4-20E3CF02562A}.Debug|Any CPU.Build.0 = Debug|Any CPU
		{A551F3B7-D617-43F5-90F4-20E3CF02562A}.Release|Any CPU.ActiveCfg = Release|Any CPU
		{A551F3B7-D617-43F5-90F4-20E3CF02562A}.Release|Any CPU.Build.0 = Release|Any CPU
		{3B646848-D8BD-4BC5-A8B2-16469BBDB16D}.Debug|Any CPU.ActiveCfg = Debug|Any CPU
		{3B646848-D8BD-4BC5-A8B2-16469BBDB16D}.Debug|Any CPU.Build.0 = Debug|Any CPU
		{3B646848-D8BD-4BC5-A8B2-16469BBDB16D}.Release|Any CPU.ActiveCfg = Release|Any CPU
		{3B646848-D8BD-4BC5-A8B2-16469BBDB16D}.Release|Any CPU.Build.0 = Release|Any CPU
		{24574C19-481C-4F31-ABE8-61415705A913}.Debug|Any CPU.ActiveCfg = Debug|Any CPU
		{24574C19-481C-4F31-ABE8-61415705A913}.Debug|Any CPU.Build.0 = Debug|Any CPU
		{24574C19-481C-4F31-ABE8-61415705A913}.Release|Any CPU.ActiveCfg = Release|Any CPU
		{24574C19-481C-4F31-ABE8-61415705A913}.Release|Any CPU.Build.0 = Release|Any CPU
		{EF572A05-B6CA-47EF-9510-AE96AC7829E8}.Debug|Any CPU.ActiveCfg = Debug|Any CPU
		{EF572A05-B6CA-47EF-9510-AE96AC7829E8}.Debug|Any CPU.Build.0 = Debug|Any CPU
		{EF572A05-B6CA-47EF-9510-AE96AC7829E8}.Release|Any CPU.ActiveCfg = Release|Any CPU
		{EF572A05-B6CA-47EF-9510-AE96AC7829E8}.Release|Any CPU.Build.0 = Release|Any CPU
		{08DA2FEB-48C8-40BC-814B-F4AFF5629BEA}.Debug|Any CPU.ActiveCfg = Debug|Any CPU
		{08DA2FEB-48C8-40BC-814B-F4AFF5629BEA}.Debug|Any CPU.Build.0 = Debug|Any CPU
		{08DA2FEB-48C8-40BC-814B-F4AFF5629BEA}.Release|Any CPU.ActiveCfg = Release|Any CPU
		{08DA2FEB-48C8-40BC-814B-F4AFF5629BEA}.Release|Any CPU.Build.0 = Release|Any CPU
		{4DF0EFA1-F844-4F75-8780-63387579A9A3}.Debug|Any CPU.ActiveCfg = Debug|Any CPU
		{4DF0EFA1-F844-4F75-8780-63387579A9A3}.Debug|Any CPU.Build.0 = Debug|Any CPU
		{4DF0EFA1-F844-4F75-8780-63387579A9A3}.Release|Any CPU.ActiveCfg = Release|Any CPU
		{4DF0EFA1-F844-4F75-8780-63387579A9A3}.Release|Any CPU.Build.0 = Release|Any CPU
		{0C0FB014-AA75-4C09-AE29-969000849161}.Debug|Any CPU.ActiveCfg = Debug|Any CPU
		{0C0FB014-AA75-4C09-AE29-969000849161}.Debug|Any CPU.Build.0 = Debug|Any CPU
		{0C0FB014-AA75-4C09-AE29-969000849161}.Release|Any CPU.ActiveCfg = Release|Any CPU
		{0C0FB014-AA75-4C09-AE29-969000849161}.Release|Any CPU.Build.0 = Release|Any CPU
		{BA7DA78B-9823-4CD1-AB57-1FA784E0BDBC}.Debug|Any CPU.ActiveCfg = Debug|Any CPU
		{BA7DA78B-9823-4CD1-AB57-1FA784E0BDBC}.Debug|Any CPU.Build.0 = Debug|Any CPU
		{BA7DA78B-9823-4CD1-AB57-1FA784E0BDBC}.Release|Any CPU.ActiveCfg = Release|Any CPU
		{BA7DA78B-9823-4CD1-AB57-1FA784E0BDBC}.Release|Any CPU.Build.0 = Release|Any CPU
		{43108199-4EF7-40B7-B12C-888CE355D515}.Debug|Any CPU.ActiveCfg = Debug|Any CPU
		{43108199-4EF7-40B7-B12C-888CE355D515}.Debug|Any CPU.Build.0 = Debug|Any CPU
		{43108199-4EF7-40B7-B12C-888CE355D515}.Release|Any CPU.ActiveCfg = Release|Any CPU
		{43108199-4EF7-40B7-B12C-888CE355D515}.Release|Any CPU.Build.0 = Release|Any CPU
		{4992B78E-E2CA-47AE-A425-543548E1E9E7}.Debug|Any CPU.ActiveCfg = Debug|Any CPU
		{4992B78E-E2CA-47AE-A425-543548E1E9E7}.Debug|Any CPU.Build.0 = Debug|Any CPU
		{4992B78E-E2CA-47AE-A425-543548E1E9E7}.Release|Any CPU.ActiveCfg = Release|Any CPU
		{4992B78E-E2CA-47AE-A425-543548E1E9E7}.Release|Any CPU.Build.0 = Release|Any CPU
		{A988C268-DADC-4318-AF80-A290D51F7141}.Debug|Any CPU.ActiveCfg = Debug|Any CPU
		{A988C268-DADC-4318-AF80-A290D51F7141}.Debug|Any CPU.Build.0 = Debug|Any CPU
		{A988C268-DADC-4318-AF80-A290D51F7141}.Release|Any CPU.ActiveCfg = Release|Any CPU
		{A988C268-DADC-4318-AF80-A290D51F7141}.Release|Any CPU.Build.0 = Release|Any CPU
		{D70BBB70-768B-4B3C-9AAC-658B06DE1FB9}.Debug|Any CPU.ActiveCfg = Debug|Any CPU
		{D70BBB70-768B-4B3C-9AAC-658B06DE1FB9}.Debug|Any CPU.Build.0 = Debug|Any CPU
		{D70BBB70-768B-4B3C-9AAC-658B06DE1FB9}.Release|Any CPU.ActiveCfg = Release|Any CPU
		{D70BBB70-768B-4B3C-9AAC-658B06DE1FB9}.Release|Any CPU.Build.0 = Release|Any CPU
		{D4C1B0D0-1C81-4C7B-B9B1-2FA54CC7ED6C}.Debug|Any CPU.ActiveCfg = Debug|Any CPU
		{D4C1B0D0-1C81-4C7B-B9B1-2FA54CC7ED6C}.Debug|Any CPU.Build.0 = Debug|Any CPU
		{D4C1B0D0-1C81-4C7B-B9B1-2FA54CC7ED6C}.Release|Any CPU.ActiveCfg = Release|Any CPU
		{D4C1B0D0-1C81-4C7B-B9B1-2FA54CC7ED6C}.Release|Any CPU.Build.0 = Release|Any CPU
		{EDF0066A-F7DB-439E-A970-FE6581E5FA21}.Debug|Any CPU.ActiveCfg = Debug|Any CPU
		{EDF0066A-F7DB-439E-A970-FE6581E5FA21}.Debug|Any CPU.Build.0 = Debug|Any CPU
		{EDF0066A-F7DB-439E-A970-FE6581E5FA21}.Release|Any CPU.ActiveCfg = Release|Any CPU
		{EDF0066A-F7DB-439E-A970-FE6581E5FA21}.Release|Any CPU.Build.0 = Release|Any CPU
		{3E73C59C-E68D-401F-809D-9B298E8FEBC3}.Debug|Any CPU.ActiveCfg = Debug|Any CPU
		{3E73C59C-E68D-401F-809D-9B298E8FEBC3}.Debug|Any CPU.Build.0 = Debug|Any CPU
		{3E73C59C-E68D-401F-809D-9B298E8FEBC3}.Release|Any CPU.ActiveCfg = Release|Any CPU
		{3E73C59C-E68D-401F-809D-9B298E8FEBC3}.Release|Any CPU.Build.0 = Release|Any CPU
		{025CC70C-9379-4A55-B9F9-F4CE42F040CA}.Debug|Any CPU.ActiveCfg = Debug|Any CPU
		{025CC70C-9379-4A55-B9F9-F4CE42F040CA}.Debug|Any CPU.Build.0 = Debug|Any CPU
		{025CC70C-9379-4A55-B9F9-F4CE42F040CA}.Release|Any CPU.ActiveCfg = Release|Any CPU
		{025CC70C-9379-4A55-B9F9-F4CE42F040CA}.Release|Any CPU.Build.0 = Release|Any CPU
		{1CFA48DD-D6EF-4BA6-AA7B-E0F45FCEBC52}.Debug|Any CPU.ActiveCfg = Debug|Any CPU
		{1CFA48DD-D6EF-4BA6-AA7B-E0F45FCEBC52}.Debug|Any CPU.Build.0 = Debug|Any CPU
		{1CFA48DD-D6EF-4BA6-AA7B-E0F45FCEBC52}.Release|Any CPU.ActiveCfg = Release|Any CPU
		{1CFA48DD-D6EF-4BA6-AA7B-E0F45FCEBC52}.Release|Any CPU.Build.0 = Release|Any CPU
		{FE5F6577-7C95-4C15-8C99-AD9EB476BAA2}.Debug|Any CPU.ActiveCfg = Debug|Any CPU
		{FE5F6577-7C95-4C15-8C99-AD9EB476BAA2}.Debug|Any CPU.Build.0 = Debug|Any CPU
		{FE5F6577-7C95-4C15-8C99-AD9EB476BAA2}.Release|Any CPU.ActiveCfg = Release|Any CPU
		{FE5F6577-7C95-4C15-8C99-AD9EB476BAA2}.Release|Any CPU.Build.0 = Release|Any CPU
		{73928893-718A-46A0-9402-2EC2BC5078CC}.Debug|Any CPU.ActiveCfg = Debug|Any CPU
		{73928893-718A-46A0-9402-2EC2BC5078CC}.Debug|Any CPU.Build.0 = Debug|Any CPU
		{73928893-718A-46A0-9402-2EC2BC5078CC}.Release|Any CPU.ActiveCfg = Release|Any CPU
		{73928893-718A-46A0-9402-2EC2BC5078CC}.Release|Any CPU.Build.0 = Release|Any CPU
		{EF84BCC1-D667-4A05-B9AB-B3ED25593104}.Debug|Any CPU.ActiveCfg = Debug|Any CPU
		{EF84BCC1-D667-4A05-B9AB-B3ED25593104}.Debug|Any CPU.Build.0 = Debug|Any CPU
		{EF84BCC1-D667-4A05-B9AB-B3ED25593104}.Release|Any CPU.ActiveCfg = Release|Any CPU
		{EF84BCC1-D667-4A05-B9AB-B3ED25593104}.Release|Any CPU.Build.0 = Release|Any CPU
		{B0D6EFA0-F8E5-4B16-931B-580B647B90F8}.Debug|Any CPU.ActiveCfg = Debug|Any CPU
		{B0D6EFA0-F8E5-4B16-931B-580B647B90F8}.Debug|Any CPU.Build.0 = Debug|Any CPU
		{B0D6EFA0-F8E5-4B16-931B-580B647B90F8}.Release|Any CPU.ActiveCfg = Release|Any CPU
		{B0D6EFA0-F8E5-4B16-931B-580B647B90F8}.Release|Any CPU.Build.0 = Release|Any CPU
		{4ACC391E-7942-4721-BB1D-73664B815867}.Debug|Any CPU.ActiveCfg = Debug|Any CPU
		{4ACC391E-7942-4721-BB1D-73664B815867}.Debug|Any CPU.Build.0 = Debug|Any CPU
		{4ACC391E-7942-4721-BB1D-73664B815867}.Release|Any CPU.ActiveCfg = Release|Any CPU
		{4ACC391E-7942-4721-BB1D-73664B815867}.Release|Any CPU.Build.0 = Release|Any CPU
		{EF7396A9-DFC5-4A64-9D69-689E895D8E2E}.Debug|Any CPU.ActiveCfg = Debug|Any CPU
		{EF7396A9-DFC5-4A64-9D69-689E895D8E2E}.Debug|Any CPU.Build.0 = Debug|Any CPU
		{EF7396A9-DFC5-4A64-9D69-689E895D8E2E}.Release|Any CPU.ActiveCfg = Release|Any CPU
		{EF7396A9-DFC5-4A64-9D69-689E895D8E2E}.Release|Any CPU.Build.0 = Release|Any CPU
		{A2D8D556-C10D-47DC-9EF8-12E21CD9972B}.Debug|Any CPU.ActiveCfg = Debug|Any CPU
		{A2D8D556-C10D-47DC-9EF8-12E21CD9972B}.Debug|Any CPU.Build.0 = Debug|Any CPU
		{A2D8D556-C10D-47DC-9EF8-12E21CD9972B}.Release|Any CPU.ActiveCfg = Release|Any CPU
		{A2D8D556-C10D-47DC-9EF8-12E21CD9972B}.Release|Any CPU.Build.0 = Release|Any CPU
		{21D26EBB-7149-4A7D-B951-EEC5DDB9B067}.Debug|Any CPU.ActiveCfg = Debug|Any CPU
		{21D26EBB-7149-4A7D-B951-EEC5DDB9B067}.Debug|Any CPU.Build.0 = Debug|Any CPU
		{21D26EBB-7149-4A7D-B951-EEC5DDB9B067}.Release|Any CPU.ActiveCfg = Release|Any CPU
		{21D26EBB-7149-4A7D-B951-EEC5DDB9B067}.Release|Any CPU.Build.0 = Release|Any CPU
		{39EE1282-0774-44DB-91CA-46314E4E3C98}.Debug|Any CPU.ActiveCfg = Debug|Any CPU
		{39EE1282-0774-44DB-91CA-46314E4E3C98}.Debug|Any CPU.Build.0 = Debug|Any CPU
		{39EE1282-0774-44DB-91CA-46314E4E3C98}.Release|Any CPU.ActiveCfg = Release|Any CPU
		{39EE1282-0774-44DB-91CA-46314E4E3C98}.Release|Any CPU.Build.0 = Release|Any CPU
		{4BCF99E8-62D7-4997-9EA0-A9538D2A7069}.Debug|Any CPU.ActiveCfg = Debug|Any CPU
		{4BCF99E8-62D7-4997-9EA0-A9538D2A7069}.Debug|Any CPU.Build.0 = Debug|Any CPU
		{4BCF99E8-62D7-4997-9EA0-A9538D2A7069}.Release|Any CPU.ActiveCfg = Release|Any CPU
		{4BCF99E8-62D7-4997-9EA0-A9538D2A7069}.Release|Any CPU.Build.0 = Release|Any CPU
		{384297CE-AACD-4B87-9661-03CB15B6D222}.Debug|Any CPU.ActiveCfg = Debug|Any CPU
		{384297CE-AACD-4B87-9661-03CB15B6D222}.Debug|Any CPU.Build.0 = Debug|Any CPU
		{384297CE-AACD-4B87-9661-03CB15B6D222}.Release|Any CPU.ActiveCfg = Release|Any CPU
		{384297CE-AACD-4B87-9661-03CB15B6D222}.Release|Any CPU.Build.0 = Release|Any CPU
		{4293257F-CBE6-4CAE-BB48-D0E659E5A635}.Debug|Any CPU.ActiveCfg = Debug|Any CPU
		{4293257F-CBE6-4CAE-BB48-D0E659E5A635}.Debug|Any CPU.Build.0 = Debug|Any CPU
		{4293257F-CBE6-4CAE-BB48-D0E659E5A635}.Release|Any CPU.ActiveCfg = Release|Any CPU
		{4293257F-CBE6-4CAE-BB48-D0E659E5A635}.Release|Any CPU.Build.0 = Release|Any CPU
		{B07209C8-5094-4B1F-8E0E-78B4A121C2E3}.Debug|Any CPU.ActiveCfg = Debug|Any CPU
		{B07209C8-5094-4B1F-8E0E-78B4A121C2E3}.Debug|Any CPU.Build.0 = Debug|Any CPU
		{B07209C8-5094-4B1F-8E0E-78B4A121C2E3}.Release|Any CPU.ActiveCfg = Release|Any CPU
		{B07209C8-5094-4B1F-8E0E-78B4A121C2E3}.Release|Any CPU.Build.0 = Release|Any CPU
		{40BDED99-031B-4286-B07A-AD13BAED5533}.Debug|Any CPU.ActiveCfg = Debug|Any CPU
		{40BDED99-031B-4286-B07A-AD13BAED5533}.Debug|Any CPU.Build.0 = Debug|Any CPU
		{40BDED99-031B-4286-B07A-AD13BAED5533}.Release|Any CPU.ActiveCfg = Release|Any CPU
		{40BDED99-031B-4286-B07A-AD13BAED5533}.Release|Any CPU.Build.0 = Release|Any CPU
		{86D65F83-B108-48DF-AFD9-5C8048D5C75D}.Debug|Any CPU.ActiveCfg = Debug|Any CPU
		{86D65F83-B108-48DF-AFD9-5C8048D5C75D}.Debug|Any CPU.Build.0 = Debug|Any CPU
		{86D65F83-B108-48DF-AFD9-5C8048D5C75D}.Release|Any CPU.ActiveCfg = Release|Any CPU
		{86D65F83-B108-48DF-AFD9-5C8048D5C75D}.Release|Any CPU.Build.0 = Release|Any CPU
		{FE1DACEC-F6CB-4E0E-8EE4-D571E139008D}.Debug|Any CPU.ActiveCfg = Debug|Any CPU
		{FE1DACEC-F6CB-4E0E-8EE4-D571E139008D}.Debug|Any CPU.Build.0 = Debug|Any CPU
		{FE1DACEC-F6CB-4E0E-8EE4-D571E139008D}.Release|Any CPU.ActiveCfg = Release|Any CPU
		{FE1DACEC-F6CB-4E0E-8EE4-D571E139008D}.Release|Any CPU.Build.0 = Release|Any CPU
		{E621D7B7-9D74-40AF-AD81-296DDEF829F7}.Debug|Any CPU.ActiveCfg = Debug|Any CPU
		{E621D7B7-9D74-40AF-AD81-296DDEF829F7}.Debug|Any CPU.Build.0 = Debug|Any CPU
		{E621D7B7-9D74-40AF-AD81-296DDEF829F7}.Release|Any CPU.ActiveCfg = Release|Any CPU
		{E621D7B7-9D74-40AF-AD81-296DDEF829F7}.Release|Any CPU.Build.0 = Release|Any CPU
		{A2D83DD5-BD0F-4F04-B21F-59A0E01ECEB0}.Debug|Any CPU.ActiveCfg = Debug|Any CPU
		{A2D83DD5-BD0F-4F04-B21F-59A0E01ECEB0}.Debug|Any CPU.Build.0 = Debug|Any CPU
		{A2D83DD5-BD0F-4F04-B21F-59A0E01ECEB0}.Release|Any CPU.ActiveCfg = Release|Any CPU
		{A2D83DD5-BD0F-4F04-B21F-59A0E01ECEB0}.Release|Any CPU.Build.0 = Release|Any CPU
		{06754CA0-46DA-4A02-B91D-B191103D743C}.Debug|Any CPU.ActiveCfg = Debug|Any CPU
		{06754CA0-46DA-4A02-B91D-B191103D743C}.Debug|Any CPU.Build.0 = Debug|Any CPU
		{06754CA0-46DA-4A02-B91D-B191103D743C}.Release|Any CPU.ActiveCfg = Release|Any CPU
		{06754CA0-46DA-4A02-B91D-B191103D743C}.Release|Any CPU.Build.0 = Release|Any CPU
		{B0151479-CAB0-4386-9C5C-1EEC6A5408F3}.Debug|Any CPU.ActiveCfg = Debug|Any CPU
		{B0151479-CAB0-4386-9C5C-1EEC6A5408F3}.Debug|Any CPU.Build.0 = Debug|Any CPU
		{B0151479-CAB0-4386-9C5C-1EEC6A5408F3}.Release|Any CPU.ActiveCfg = Release|Any CPU
		{B0151479-CAB0-4386-9C5C-1EEC6A5408F3}.Release|Any CPU.Build.0 = Release|Any CPU
		{78EC04B2-1298-489E-AE85-183A07DE3139}.Debug|Any CPU.ActiveCfg = Debug|Any CPU
		{78EC04B2-1298-489E-AE85-183A07DE3139}.Debug|Any CPU.Build.0 = Debug|Any CPU
		{78EC04B2-1298-489E-AE85-183A07DE3139}.Release|Any CPU.ActiveCfg = Release|Any CPU
		{78EC04B2-1298-489E-AE85-183A07DE3139}.Release|Any CPU.Build.0 = Release|Any CPU
		{B15AB875-62A8-446B-95F5-7A4F745473E1}.Debug|Any CPU.ActiveCfg = Debug|Any CPU
		{B15AB875-62A8-446B-95F5-7A4F745473E1}.Debug|Any CPU.Build.0 = Debug|Any CPU
		{B15AB875-62A8-446B-95F5-7A4F745473E1}.Release|Any CPU.ActiveCfg = Release|Any CPU
		{B15AB875-62A8-446B-95F5-7A4F745473E1}.Release|Any CPU.Build.0 = Release|Any CPU
		{A1676C08-BD48-4CF6-901D-ACA5A9CBC1CB}.Debug|Any CPU.ActiveCfg = Debug|Any CPU
		{A1676C08-BD48-4CF6-901D-ACA5A9CBC1CB}.Debug|Any CPU.Build.0 = Debug|Any CPU
		{A1676C08-BD48-4CF6-901D-ACA5A9CBC1CB}.Release|Any CPU.ActiveCfg = Release|Any CPU
		{A1676C08-BD48-4CF6-901D-ACA5A9CBC1CB}.Release|Any CPU.Build.0 = Release|Any CPU
		{EE2217FD-F5E5-4DAE-B53A-1F8B6D61FAED}.Debug|Any CPU.ActiveCfg = Debug|Any CPU
		{EE2217FD-F5E5-4DAE-B53A-1F8B6D61FAED}.Debug|Any CPU.Build.0 = Debug|Any CPU
		{EE2217FD-F5E5-4DAE-B53A-1F8B6D61FAED}.Release|Any CPU.ActiveCfg = Release|Any CPU
		{EE2217FD-F5E5-4DAE-B53A-1F8B6D61FAED}.Release|Any CPU.Build.0 = Release|Any CPU
		{C9E98C4E-CE5F-44FB-AA86-15D876D7D6C5}.Debug|Any CPU.ActiveCfg = Debug|Any CPU
		{C9E98C4E-CE5F-44FB-AA86-15D876D7D6C5}.Debug|Any CPU.Build.0 = Debug|Any CPU
		{C9E98C4E-CE5F-44FB-AA86-15D876D7D6C5}.Release|Any CPU.ActiveCfg = Release|Any CPU
		{C9E98C4E-CE5F-44FB-AA86-15D876D7D6C5}.Release|Any CPU.Build.0 = Release|Any CPU
		{F99D94E0-0D22-4DB0-8DE3-1796BA4BBBAC}.Debug|Any CPU.ActiveCfg = Debug|Any CPU
		{F99D94E0-0D22-4DB0-8DE3-1796BA4BBBAC}.Debug|Any CPU.Build.0 = Debug|Any CPU
		{F99D94E0-0D22-4DB0-8DE3-1796BA4BBBAC}.Release|Any CPU.ActiveCfg = Release|Any CPU
		{F99D94E0-0D22-4DB0-8DE3-1796BA4BBBAC}.Release|Any CPU.Build.0 = Release|Any CPU
		{9DA3D5FD-F01F-43ED-B64B-F6E79DC5310A}.Debug|Any CPU.ActiveCfg = Debug|Any CPU
		{9DA3D5FD-F01F-43ED-B64B-F6E79DC5310A}.Debug|Any CPU.Build.0 = Debug|Any CPU
		{9DA3D5FD-F01F-43ED-B64B-F6E79DC5310A}.Release|Any CPU.ActiveCfg = Release|Any CPU
		{9DA3D5FD-F01F-43ED-B64B-F6E79DC5310A}.Release|Any CPU.Build.0 = Release|Any CPU
		{E00DBC57-24B0-4B98-9F7F-2837B27C568A}.Debug|Any CPU.ActiveCfg = Debug|Any CPU
		{E00DBC57-24B0-4B98-9F7F-2837B27C568A}.Debug|Any CPU.Build.0 = Debug|Any CPU
		{E00DBC57-24B0-4B98-9F7F-2837B27C568A}.Release|Any CPU.ActiveCfg = Release|Any CPU
		{E00DBC57-24B0-4B98-9F7F-2837B27C568A}.Release|Any CPU.Build.0 = Release|Any CPU
		{76AAB37D-2186-475D-894B-78349D072B0F}.Debug|Any CPU.ActiveCfg = Debug|Any CPU
		{76AAB37D-2186-475D-894B-78349D072B0F}.Debug|Any CPU.Build.0 = Debug|Any CPU
		{76AAB37D-2186-475D-894B-78349D072B0F}.Release|Any CPU.ActiveCfg = Release|Any CPU
		{76AAB37D-2186-475D-894B-78349D072B0F}.Release|Any CPU.Build.0 = Release|Any CPU
		{80EB404A-5733-4AAF-8740-3B6D6A45D521}.Debug|Any CPU.ActiveCfg = Debug|Any CPU
		{80EB404A-5733-4AAF-8740-3B6D6A45D521}.Debug|Any CPU.Build.0 = Debug|Any CPU
		{80EB404A-5733-4AAF-8740-3B6D6A45D521}.Release|Any CPU.ActiveCfg = Release|Any CPU
		{80EB404A-5733-4AAF-8740-3B6D6A45D521}.Release|Any CPU.Build.0 = Release|Any CPU
		{4A0B3ABC-AB1A-4408-A3DF-D10E6576896E}.Debug|Any CPU.ActiveCfg = Debug|Any CPU
		{4A0B3ABC-AB1A-4408-A3DF-D10E6576896E}.Debug|Any CPU.Build.0 = Debug|Any CPU
		{4A0B3ABC-AB1A-4408-A3DF-D10E6576896E}.Release|Any CPU.ActiveCfg = Release|Any CPU
		{4A0B3ABC-AB1A-4408-A3DF-D10E6576896E}.Release|Any CPU.Build.0 = Release|Any CPU
		{2F04333E-E033-402D-AD8A-F41581B13458}.Debug|Any CPU.ActiveCfg = Debug|Any CPU
		{2F04333E-E033-402D-AD8A-F41581B13458}.Debug|Any CPU.Build.0 = Debug|Any CPU
		{2F04333E-E033-402D-AD8A-F41581B13458}.Release|Any CPU.ActiveCfg = Release|Any CPU
		{2F04333E-E033-402D-AD8A-F41581B13458}.Release|Any CPU.Build.0 = Release|Any CPU
		{C978E1E4-FA57-46E2-92EF-D0E89CAC6AB5}.Debug|Any CPU.ActiveCfg = Debug|Any CPU
		{C978E1E4-FA57-46E2-92EF-D0E89CAC6AB5}.Debug|Any CPU.Build.0 = Debug|Any CPU
		{C978E1E4-FA57-46E2-92EF-D0E89CAC6AB5}.Release|Any CPU.ActiveCfg = Release|Any CPU
		{C978E1E4-FA57-46E2-92EF-D0E89CAC6AB5}.Release|Any CPU.Build.0 = Release|Any CPU
		{B50D9195-B36E-4116-A2FB-5E00F7B0CB74}.Debug|Any CPU.ActiveCfg = Debug|Any CPU
		{B50D9195-B36E-4116-A2FB-5E00F7B0CB74}.Debug|Any CPU.Build.0 = Debug|Any CPU
		{B50D9195-B36E-4116-A2FB-5E00F7B0CB74}.Release|Any CPU.ActiveCfg = Release|Any CPU
		{B50D9195-B36E-4116-A2FB-5E00F7B0CB74}.Release|Any CPU.Build.0 = Release|Any CPU
		{2D9A65C8-661E-4720-96F2-A9EAF8ACB542}.Debug|Any CPU.ActiveCfg = Debug|Any CPU
		{2D9A65C8-661E-4720-96F2-A9EAF8ACB542}.Debug|Any CPU.Build.0 = Debug|Any CPU
		{2D9A65C8-661E-4720-96F2-A9EAF8ACB542}.Release|Any CPU.ActiveCfg = Release|Any CPU
		{2D9A65C8-661E-4720-96F2-A9EAF8ACB542}.Release|Any CPU.Build.0 = Release|Any CPU
		{745F587D-605A-4B91-80B7-D7A6662D4838}.Debug|Any CPU.ActiveCfg = Debug|Any CPU
		{745F587D-605A-4B91-80B7-D7A6662D4838}.Debug|Any CPU.Build.0 = Debug|Any CPU
		{745F587D-605A-4B91-80B7-D7A6662D4838}.Release|Any CPU.ActiveCfg = Release|Any CPU
		{745F587D-605A-4B91-80B7-D7A6662D4838}.Release|Any CPU.Build.0 = Release|Any CPU
		{94669BA0-FD47-44F9-9DB5-8A9F1A9195DE}.Debug|Any CPU.ActiveCfg = Debug|Any CPU
		{94669BA0-FD47-44F9-9DB5-8A9F1A9195DE}.Debug|Any CPU.Build.0 = Debug|Any CPU
		{94669BA0-FD47-44F9-9DB5-8A9F1A9195DE}.Release|Any CPU.ActiveCfg = Release|Any CPU
		{94669BA0-FD47-44F9-9DB5-8A9F1A9195DE}.Release|Any CPU.Build.0 = Release|Any CPU
		{FF77D6F7-4CC3-4244-A52D-7BDB423D659B}.Debug|Any CPU.ActiveCfg = Debug|Any CPU
		{FF77D6F7-4CC3-4244-A52D-7BDB423D659B}.Debug|Any CPU.Build.0 = Debug|Any CPU
		{FF77D6F7-4CC3-4244-A52D-7BDB423D659B}.Release|Any CPU.ActiveCfg = Release|Any CPU
		{FF77D6F7-4CC3-4244-A52D-7BDB423D659B}.Release|Any CPU.Build.0 = Release|Any CPU
		{6658CE98-DC4D-4606-9C44-0919DFB8257A}.Debug|Any CPU.ActiveCfg = Debug|Any CPU
		{6658CE98-DC4D-4606-9C44-0919DFB8257A}.Debug|Any CPU.Build.0 = Debug|Any CPU
		{6658CE98-DC4D-4606-9C44-0919DFB8257A}.Release|Any CPU.ActiveCfg = Release|Any CPU
		{6658CE98-DC4D-4606-9C44-0919DFB8257A}.Release|Any CPU.Build.0 = Release|Any CPU
		{9C5727A7-A43C-496B-8C81-1A15DEAD47C4}.Debug|Any CPU.ActiveCfg = Debug|Any CPU
		{9C5727A7-A43C-496B-8C81-1A15DEAD47C4}.Debug|Any CPU.Build.0 = Debug|Any CPU
		{9C5727A7-A43C-496B-8C81-1A15DEAD47C4}.Release|Any CPU.ActiveCfg = Release|Any CPU
		{9C5727A7-A43C-496B-8C81-1A15DEAD47C4}.Release|Any CPU.Build.0 = Release|Any CPU
		{D532CA81-97A9-47E3-91B6-460F67D1E910}.Debug|Any CPU.ActiveCfg = Debug|Any CPU
		{D532CA81-97A9-47E3-91B6-460F67D1E910}.Debug|Any CPU.Build.0 = Debug|Any CPU
		{D532CA81-97A9-47E3-91B6-460F67D1E910}.Release|Any CPU.ActiveCfg = Release|Any CPU
		{D532CA81-97A9-47E3-91B6-460F67D1E910}.Release|Any CPU.Build.0 = Release|Any CPU
		{A7EAE366-FDC4-4F86-8E84-12AFCD6880ED}.Debug|Any CPU.ActiveCfg = Debug|Any CPU
		{A7EAE366-FDC4-4F86-8E84-12AFCD6880ED}.Debug|Any CPU.Build.0 = Debug|Any CPU
		{A7EAE366-FDC4-4F86-8E84-12AFCD6880ED}.Release|Any CPU.ActiveCfg = Release|Any CPU
		{A7EAE366-FDC4-4F86-8E84-12AFCD6880ED}.Release|Any CPU.Build.0 = Release|Any CPU
		{962DC21E-7AB8-4A67-8E0E-C79C6C270D6C}.Debug|Any CPU.ActiveCfg = Debug|Any CPU
		{962DC21E-7AB8-4A67-8E0E-C79C6C270D6C}.Debug|Any CPU.Build.0 = Debug|Any CPU
		{962DC21E-7AB8-4A67-8E0E-C79C6C270D6C}.Release|Any CPU.ActiveCfg = Release|Any CPU
		{962DC21E-7AB8-4A67-8E0E-C79C6C270D6C}.Release|Any CPU.Build.0 = Release|Any CPU
		{F88FBFA0-7C02-4612-837A-5CA099AE5493}.Debug|Any CPU.ActiveCfg = Debug|Any CPU
		{F88FBFA0-7C02-4612-837A-5CA099AE5493}.Debug|Any CPU.Build.0 = Debug|Any CPU
		{F88FBFA0-7C02-4612-837A-5CA099AE5493}.Release|Any CPU.ActiveCfg = Release|Any CPU
		{F88FBFA0-7C02-4612-837A-5CA099AE5493}.Release|Any CPU.Build.0 = Release|Any CPU
		{2879C3AE-11D6-4CC3-A9B7-CC9C4A52066C}.Debug|Any CPU.ActiveCfg = Debug|Any CPU
		{2879C3AE-11D6-4CC3-A9B7-CC9C4A52066C}.Debug|Any CPU.Build.0 = Debug|Any CPU
		{2879C3AE-11D6-4CC3-A9B7-CC9C4A52066C}.Release|Any CPU.ActiveCfg = Release|Any CPU
		{2879C3AE-11D6-4CC3-A9B7-CC9C4A52066C}.Release|Any CPU.Build.0 = Release|Any CPU
		{923719F2-F7DF-4722-BD77-B609E7F76388}.Debug|Any CPU.ActiveCfg = Debug|Any CPU
		{923719F2-F7DF-4722-BD77-B609E7F76388}.Debug|Any CPU.Build.0 = Debug|Any CPU
		{923719F2-F7DF-4722-BD77-B609E7F76388}.Release|Any CPU.ActiveCfg = Release|Any CPU
		{923719F2-F7DF-4722-BD77-B609E7F76388}.Release|Any CPU.Build.0 = Release|Any CPU
		{DFC1CD76-9CAE-40F4-A899-2CF1D608D80C}.Debug|Any CPU.ActiveCfg = Debug|Any CPU
		{DFC1CD76-9CAE-40F4-A899-2CF1D608D80C}.Debug|Any CPU.Build.0 = Debug|Any CPU
		{DFC1CD76-9CAE-40F4-A899-2CF1D608D80C}.Release|Any CPU.ActiveCfg = Release|Any CPU
		{DFC1CD76-9CAE-40F4-A899-2CF1D608D80C}.Release|Any CPU.Build.0 = Release|Any CPU
		{241E6491-19F2-4058-895A-56D0475C0599}.Debug|Any CPU.ActiveCfg = Debug|Any CPU
		{241E6491-19F2-4058-895A-56D0475C0599}.Debug|Any CPU.Build.0 = Debug|Any CPU
		{241E6491-19F2-4058-895A-56D0475C0599}.Release|Any CPU.ActiveCfg = Release|Any CPU
		{241E6491-19F2-4058-895A-56D0475C0599}.Release|Any CPU.Build.0 = Release|Any CPU
		{53B99B64-1FDB-4C2C-B4DF-5AD42FEDE7B3}.Debug|Any CPU.ActiveCfg = Debug|Any CPU
		{53B99B64-1FDB-4C2C-B4DF-5AD42FEDE7B3}.Debug|Any CPU.Build.0 = Debug|Any CPU
		{53B99B64-1FDB-4C2C-B4DF-5AD42FEDE7B3}.Release|Any CPU.ActiveCfg = Release|Any CPU
		{53B99B64-1FDB-4C2C-B4DF-5AD42FEDE7B3}.Release|Any CPU.Build.0 = Release|Any CPU
		{F0BAD1BC-C3E4-418A-8595-8A04897D9BBE}.Debug|Any CPU.ActiveCfg = Debug|Any CPU
		{F0BAD1BC-C3E4-418A-8595-8A04897D9BBE}.Debug|Any CPU.Build.0 = Debug|Any CPU
		{F0BAD1BC-C3E4-418A-8595-8A04897D9BBE}.Release|Any CPU.ActiveCfg = Release|Any CPU
		{F0BAD1BC-C3E4-418A-8595-8A04897D9BBE}.Release|Any CPU.Build.0 = Release|Any CPU
		{D8EEC492-C9C0-442C-BE8D-101F02C68D55}.Debug|Any CPU.ActiveCfg = Debug|Any CPU
		{D8EEC492-C9C0-442C-BE8D-101F02C68D55}.Debug|Any CPU.Build.0 = Debug|Any CPU
		{D8EEC492-C9C0-442C-BE8D-101F02C68D55}.Release|Any CPU.ActiveCfg = Release|Any CPU
		{D8EEC492-C9C0-442C-BE8D-101F02C68D55}.Release|Any CPU.Build.0 = Release|Any CPU
		{8CD77F4F-8E59-490D-98BC-F153616139ED}.Debug|Any CPU.ActiveCfg = Debug|Any CPU
		{8CD77F4F-8E59-490D-98BC-F153616139ED}.Debug|Any CPU.Build.0 = Debug|Any CPU
		{8CD77F4F-8E59-490D-98BC-F153616139ED}.Release|Any CPU.ActiveCfg = Release|Any CPU
		{8CD77F4F-8E59-490D-98BC-F153616139ED}.Release|Any CPU.Build.0 = Release|Any CPU
		{4A5CF748-1DFB-4AC8-AFC4-9A4C6DD214DF}.Debug|Any CPU.ActiveCfg = Debug|Any CPU
		{4A5CF748-1DFB-4AC8-AFC4-9A4C6DD214DF}.Debug|Any CPU.Build.0 = Debug|Any CPU
		{4A5CF748-1DFB-4AC8-AFC4-9A4C6DD214DF}.Release|Any CPU.ActiveCfg = Release|Any CPU
		{4A5CF748-1DFB-4AC8-AFC4-9A4C6DD214DF}.Release|Any CPU.Build.0 = Release|Any CPU
		{3C6ED7E8-8CB7-42BD-B974-A7DA115EEAFA}.Debug|Any CPU.ActiveCfg = Debug|Any CPU
		{3C6ED7E8-8CB7-42BD-B974-A7DA115EEAFA}.Debug|Any CPU.Build.0 = Debug|Any CPU
		{3C6ED7E8-8CB7-42BD-B974-A7DA115EEAFA}.Release|Any CPU.ActiveCfg = Release|Any CPU
		{3C6ED7E8-8CB7-42BD-B974-A7DA115EEAFA}.Release|Any CPU.Build.0 = Release|Any CPU
	EndGlobalSection
	GlobalSection(SolutionProperties) = preSolution
		HideSolutionNode = FALSE
	EndGlobalSection
	GlobalSection(ExtensibilityGlobals) = postSolution
		SolutionGuid = {D40CF534-B03B-4AEA-9D2B-89AB4BCBEE70}
	EndGlobalSection
EndGlobal
